
Microsoft Visual Studio Solution File, Format Version 12.00
# Visual Studio Version 16
VisualStudioVersion = 16.0.30517.126
MinimumVisualStudioVersion = 10.0.40219.1
Project("{8BC9CEB8-8B4A-11D0-8D11-00A0C91BC942}") = "Project2 Compe260", "Project2 Compe260\Project2 Compe260.vcxproj", "{C4EC49AC-80A0-4088-A1EB-4A14F1B431A5}"
EndProject
Global
	GlobalSection(SolutionConfigurationPlatforms) = preSolution
		Debug|x64 = Debug|x64
		Debug|x86 = Debug|x86
		Release|x64 = Release|x64
		Release|x86 = Release|x86
	EndGlobalSection
	GlobalSection(ProjectConfigurationPlatforms) = postSolution
		{C4EC49AC-80A0-4088-A1EB-4A14F1B431A5}.Debug|x64.ActiveCfg = Debug|x64
		{C4EC49AC-80A0-4088-A1EB-4A14F1B431A5}.Debug|x64.Build.0 = Debug|x64
		{C4EC49AC-80A0-4088-A1EB-4A14F1B431A5}.Debug|x86.ActiveCfg = Debug|Win32
		{C4EC49AC-80A0-4088-A1EB-4A14F1B431A5}.Debug|x86.Build.0 = Debug|Win32
		{C4EC49AC-80A0-4088-A1EB-4A14F1B431A5}.Release|x64.ActiveCfg = Release|x64
		{C4EC49AC-80A0-4088-A1EB-4A14F1B431A5}.Release|x64.Build.0 = Release|x64
		{C4EC49AC-80A0-4088-A1EB-4A14F1B431A5}.Release|x86.ActiveCfg = Release|Win32
		{C4EC49AC-80A0-4088-A1EB-4A14F1B431A5}.Release|x86.Build.0 = Release|Win32
	EndGlobalSection
	GlobalSection(SolutionProperties) = preSolution
		HideSolutionNode = FALSE
	EndGlobalSection
	GlobalSection(ExtensibilityGlobals) = postSolution
		SolutionGuid = {5D3BEF2F-9569-44D3-90EE-FED7A5868AC6}
	EndGlobalSection
EndGlobal
